
Microsoft Visual Studio Solution File, Format Version 12.00
# Visual Studio Version 17
VisualStudioVersion = 17.12.35707.178
MinimumVisualStudioVersion = 10.0.40219.1
Project("{FAE04EC0-301F-11D3-BF4B-00C04F79EFBC}") = "Chapter 1 - DotNetQuestions", "DotNetQuestions\Chapter 1 - DotNetQuestions.csproj", "{0AA2923C-1CC9-4DE5-BACA-903AEE7417CA}"
EndProject
Project("{FAE04EC0-301F-11D3-BF4B-00C04F79EFBC}") = "Chapter 2 - Absract Classes & Interfaces", "Chapter 2 - Absract Classes & Interfaces\Chapter 2 - Absract Classes & Interfaces.csproj", "{4A11B2CE-1336-4612-96C0-40147BE681F8}"
EndProject
Project("{FAE04EC0-301F-11D3-BF4B-00C04F79EFBC}") = "Chapter 3 - OOPS & C# - General", "Chapter 3 - OOPS & C# - General\Chapter 3 - OOPS & C# - General.csproj", "{FF6A2C11-26CA-4BA9-8A3C-7E5E4318D5E7}"
EndProject
Project("{FAE04EC0-301F-11D3-BF4B-00C04F79EFBC}") = "Chapter 4 - Exception Handling", "Chapter 4 - Exception Handling\Chapter 4 - Exception Handling.csproj", "{2A344CBD-2C46-498C-BFBF-F5A45269F1FC}"
EndProject
Project("{FAE04EC0-301F-11D3-BF4B-00C04F79EFBC}") = "Chapter 5 - Loops & Collections", "Chapter 5 - Loops & Collections\Chapter 5 - Loops & Collections.csproj", "{27FB81C9-D646-4519-AB07-BADB92FDE8D8}"
EndProject
Project("{FAE04EC0-301F-11D3-BF4B-00C04F79EFBC}") = "Chapter 6 – METHODS & DELEGATES", "Chapter 6 – METHODS & DELEGATES\Chapter 6 – METHODS & DELEGATES.csproj", "{E94698AE-1969-4E92-9B74-BBFA98C1F5EF}"
EndProject
Project("{FAE04EC0-301F-11D3-BF4B-00C04F79EFBC}") = "Chapter 7 - Important Keywords", "Chapter 7 - Important Keywords\Chapter 7 - Important Keywords.csproj", "{AB49F509-403A-4479-8B46-A4934D8B4622}"
EndProject
Project("{2150E333-8FDC-42A3-9474-1A3956D46DE8}") = "Solution Items", "Solution Items", "{8580005C-1A46-4A6D-9844-46F7CFAD5942}"
	ProjectSection(SolutionItems) = preProject
		.editorconfig = .editorconfig
	EndProjectSection
EndProject
Global
	GlobalSection(SolutionConfigurationPlatforms) = preSolution
		Debug|Any CPU = Debug|Any CPU
		Release|Any CPU = Release|Any CPU
	EndGlobalSection
	GlobalSection(ProjectConfigurationPlatforms) = postSolution
		{0AA2923C-1CC9-4DE5-BACA-903AEE7417CA}.Debug|Any CPU.ActiveCfg = Debug|Any CPU
		{0AA2923C-1CC9-4DE5-BACA-903AEE7417CA}.Debug|Any CPU.Build.0 = Debug|Any CPU
		{0AA2923C-1CC9-4DE5-BACA-903AEE7417CA}.Release|Any CPU.ActiveCfg = Release|Any CPU
		{0AA2923C-1CC9-4DE5-BACA-903AEE7417CA}.Release|Any CPU.Build.0 = Release|Any CPU
		{4A11B2CE-1336-4612-96C0-40147BE681F8}.Debug|Any CPU.ActiveCfg = Debug|Any CPU
		{4A11B2CE-1336-4612-96C0-40147BE681F8}.Debug|Any CPU.Build.0 = Debug|Any CPU
		{4A11B2CE-1336-4612-96C0-40147BE681F8}.Release|Any CPU.ActiveCfg = Release|Any CPU
		{4A11B2CE-1336-4612-96C0-40147BE681F8}.Release|Any CPU.Build.0 = Release|Any CPU
		{FF6A2C11-26CA-4BA9-8A3C-7E5E4318D5E7}.Debug|Any CPU.ActiveCfg = Debug|Any CPU
		{FF6A2C11-26CA-4BA9-8A3C-7E5E4318D5E7}.Debug|Any CPU.Build.0 = Debug|Any CPU
		{FF6A2C11-26CA-4BA9-8A3C-7E5E4318D5E7}.Release|Any CPU.ActiveCfg = Release|Any CPU
		{FF6A2C11-26CA-4BA9-8A3C-7E5E4318D5E7}.Release|Any CPU.Build.0 = Release|Any CPU
		{2A344CBD-2C46-498C-BFBF-F5A45269F1FC}.Debug|Any CPU.ActiveCfg = Debug|Any CPU
		{2A344CBD-2C46-498C-BFBF-F5A45269F1FC}.Debug|Any CPU.Build.0 = Debug|Any CPU
		{2A344CBD-2C46-498C-BFBF-F5A45269F1FC}.Release|Any CPU.ActiveCfg = Release|Any CPU
		{2A344CBD-2C46-498C-BFBF-F5A45269F1FC}.Release|Any CPU.Build.0 = Release|Any CPU
		{27FB81C9-D646-4519-AB07-BADB92FDE8D8}.Debug|Any CPU.ActiveCfg = Debug|Any CPU
		{27FB81C9-D646-4519-AB07-BADB92FDE8D8}.Debug|Any CPU.Build.0 = Debug|Any CPU
		{27FB81C9-D646-4519-AB07-BADB92FDE8D8}.Release|Any CPU.ActiveCfg = Release|Any CPU
		{27FB81C9-D646-4519-AB07-BADB92FDE8D8}.Release|Any CPU.Build.0 = Release|Any CPU
		{E94698AE-1969-4E92-9B74-BBFA98C1F5EF}.Debug|Any CPU.ActiveCfg = Debug|Any CPU
		{E94698AE-1969-4E92-9B74-BBFA98C1F5EF}.Debug|Any CPU.Build.0 = Debug|Any CPU
		{E94698AE-1969-4E92-9B74-BBFA98C1F5EF}.Release|Any CPU.ActiveCfg = Release|Any CPU
		{E94698AE-1969-4E92-9B74-BBFA98C1F5EF}.Release|Any CPU.Build.0 = Release|Any CPU
		{AB49F509-403A-4479-8B46-A4934D8B4622}.Debug|Any CPU.ActiveCfg = Debug|Any CPU
		{AB49F509-403A-4479-8B46-A4934D8B4622}.Debug|Any CPU.Build.0 = Debug|Any CPU
		{AB49F509-403A-4479-8B46-A4934D8B4622}.Release|Any CPU.ActiveCfg = Release|Any CPU
		{AB49F509-403A-4479-8B46-A4934D8B4622}.Release|Any CPU.Build.0 = Release|Any CPU
	EndGlobalSection
	GlobalSection(SolutionProperties) = preSolution
		HideSolutionNode = FALSE
	EndGlobalSection
EndGlobal
